
Microsoft Visual Studio Solution File, Format Version 12.00
# Visual Studio 15
VisualStudioVersion = 15.0.27130.2036
MinimumVisualStudioVersion = 10.0.40219.1
Project("{8BC9CEB8-8B4A-11D0-8D11-00A0C91BC942}") = "Piannect", "Piannect\Piannect.vcxproj", "{2680AF1B-D5B0-43A6-AE62-0D26C05B6199}"
EndProject
Project("{8BC9CEB8-8B4A-11D0-8D11-00A0C91BC942}") = "MIDIIO", "MIDIOLib1.1\MIDIIO.vcxproj", "{8633E7D7-313B-4667-A728-C2B714244B76}"
EndProject
Global
	GlobalSection(SolutionConfigurationPlatforms) = preSolution
		Debug|x64 = Debug|x64
		Debug|x86 = Debug|x86
		Release|x64 = Release|x64
		Release|x86 = Release|x86
	EndGlobalSection
	GlobalSection(ProjectConfigurationPlatforms) = postSolution
		{2680AF1B-D5B0-43A6-AE62-0D26C05B6199}.Debug|x64.ActiveCfg = Debug|x64
		{2680AF1B-D5B0-43A6-AE62-0D26C05B6199}.Debug|x64.Build.0 = Debug|x64
		{2680AF1B-D5B0-43A6-AE62-0D26C05B6199}.Debug|x86.ActiveCfg = Debug|Win32
		{2680AF1B-D5B0-43A6-AE62-0D26C05B6199}.Debug|x86.Build.0 = Debug|Win32
		{2680AF1B-D5B0-43A6-AE62-0D26C05B6199}.Release|x64.ActiveCfg = Release|x64
		{2680AF1B-D5B0-43A6-AE62-0D26C05B6199}.Release|x64.Build.0 = Release|x64
		{2680AF1B-D5B0-43A6-AE62-0D26C05B6199}.Release|x86.ActiveCfg = Release|Win32
		{2680AF1B-D5B0-43A6-AE62-0D26C05B6199}.Release|x86.Build.0 = Release|Win32
		{8633E7D7-313B-4667-A728-C2B714244B76}.Debug|x64.ActiveCfg = Debug|Win32
		{8633E7D7-313B-4667-A728-C2B714244B76}.Debug|x64.Build.0 = Debug|Win32
		{8633E7D7-313B-4667-A728-C2B714244B76}.Debug|x86.ActiveCfg = Debug|Win32
		{8633E7D7-313B-4667-A728-C2B714244B76}.Debug|x86.Build.0 = Debug|Win32
		{8633E7D7-313B-4667-A728-C2B714244B76}.Release|x64.ActiveCfg = Release|Win32
		{8633E7D7-313B-4667-A728-C2B714244B76}.Release|x64.Build.0 = Release|Win32
		{8633E7D7-313B-4667-A728-C2B714244B76}.Release|x86.ActiveCfg = Release|Win32
		{8633E7D7-313B-4667-A728-C2B714244B76}.Release|x86.Build.0 = Release|Win32
	EndGlobalSection
	GlobalSection(SolutionProperties) = preSolution
		HideSolutionNode = FALSE
	EndGlobalSection
	GlobalSection(ExtensibilityGlobals) = postSolution
		SolutionGuid = {C37470C5-F2C4-4B66-9E3C-0BD406E1DFC0}
	EndGlobalSection
EndGlobal
